
Microsoft Visual Studio Solution File, Format Version 12.00
# Visual Studio Version 17
VisualStudioVersion = 17.1.32414.318
MinimumVisualStudioVersion = 10.0.40219.1
Project("{9A19103F-16F7-4668-BE54-9A1E7A4F7556}") = "Coffe.Api", "Coffe.Api\Coffe.Api.csproj", "{76A7D77B-BA13-44F7-B3D2-37D3E54B69CD}"
EndProject
Global
	GlobalSection(SolutionConfigurationPlatforms) = preSolution
		Debug|Any CPU = Debug|Any CPU
		Release|Any CPU = Release|Any CPU
	EndGlobalSection
	GlobalSection(ProjectConfigurationPlatforms) = postSolution
		{76A7D77B-BA13-44F7-B3D2-37D3E54B69CD}.Debug|Any CPU.ActiveCfg = Debug|Any CPU
		{76A7D77B-BA13-44F7-B3D2-37D3E54B69CD}.Debug|Any CPU.Build.0 = Debug|Any CPU
		{76A7D77B-BA13-44F7-B3D2-37D3E54B69CD}.Release|Any CPU.ActiveCfg = Release|Any CPU
		{76A7D77B-BA13-44F7-B3D2-37D3E54B69CD}.Release|Any CPU.Build.0 = Release|Any CPU
	EndGlobalSection
	GlobalSection(SolutionProperties) = preSolution
		HideSolutionNode = FALSE
	EndGlobalSection
	GlobalSection(ExtensibilityGlobals) = postSolution
		SolutionGuid = {55C42E82-43EB-4ACD-9A44-422BEA4B0628}
	EndGlobalSection
EndGlobal
